// !$*UTF8*$!
{
	archiveVersion = 1;
	classes = {
	};
	objectVersion = 46;
	objects = {

/* Begin PBXBuildFile section */
		E7D0A7011BD7D7C700B5B637 /* AppDelegate.swift in Sources */ = {isa = PBXBuildFile; fileRef = E7D0A7001BD7D7C700B5B637 /* AppDelegate.swift */; };
		E7D0A7031BD7D7C700B5B637 /* ViewController.swift in Sources */ = {isa = PBXBuildFile; fileRef = E7D0A7021BD7D7C700B5B637 /* ViewController.swift */; };
		E7D0A7061BD7D7C700B5B637 /* Main.storyboard in Resources */ = {isa = PBXBuildFile; fileRef = E7D0A7041BD7D7C700B5B637 /* Main.storyboard */; };
		E7D0A7081BD7D7C700B5B637 /* Assets.xcassets in Resources */ = {isa = PBXBuildFile; fileRef = E7D0A7071BD7D7C700B5B637 /* Assets.xcassets */; };
		E7D0A70B1BD7D7C700B5B637 /* LaunchScreen.storyboard in Resources */ = {isa = PBXBuildFile; fileRef = E7D0A7091BD7D7C700B5B637 /* LaunchScreen.storyboard */; };
		E7D0A7161BD7D7C700B5B637 /* Lecture3Tests.swift in Sources */ = {isa = PBXBuildFile; fileRef = E7D0A7151BD7D7C700B5B637 /* Lecture3Tests.swift */; };
		E7D0A7211BD7D7C700B5B637 /* Lecture3UITests.swift in Sources */ = {isa = PBXBuildFile; fileRef = E7D0A7201BD7D7C700B5B637 /* Lecture3UITests.swift */; };
/* End PBXBuildFile section */

/* Begin PBXContainerItemProxy section */
		E7D0A7121BD7D7C700B5B637 /* PBXContainerItemProxy */ = {
			isa = PBXContainerItemProxy;
			containerPortal = E7D0A6F51BD7D7C700B5B637 /* Project object */;
			proxyType = 1;
			remoteGlobalIDString = E7D0A6FC1BD7D7C700B5B637;
			remoteInfo = Lecture3;
		};
		E7D0A71D1BD7D7C700B5B637 /* PBXContainerItemProxy */ = {
			isa = PBXContainerItemProxy;
			containerPortal = E7D0A6F51BD7D7C700B5B637 /* Project object */;
			proxyType = 1;
			remoteGlobalIDString = E7D0A6FC1BD7D7C700B5B637;
			remoteInfo = Lecture3;
		};
/* End PBXContainerItemProxy section */

/* Begin PBXFileReference section */
		E7D0A6FD1BD7D7C700B5B637 /* Lecture3.app */ = {isa = PBXFileReference; explicitFileType = wrapper.application; includeInIndex = 0; path = Lecture3.app; sourceTree = BUILT_PRODUCTS_DIR; };
		E7D0A7001BD7D7C700B5B637 /* AppDelegate.swift */ = {isa = PBXFileReference; lastKnownFileType = sourcecode.swift; path = AppDelegate.swift; sourceTree = "<group>"; };
		E7D0A7021BD7D7C700B5B637 /* ViewController.swift */ = {isa = PBXFileReference; lastKnownFileType = sourcecode.swift; path = ViewController.swift; sourceTree = "<group>"; };
		E7D0A7051BD7D7C700B5B637 /* Base */ = {isa = PBXFileReference; lastKnownFileType = file.storyboard; name = Base; path = Base.lproj/Main.storyboard; sourceTree = "<group>"; };
		E7D0A7071BD7D7C700B5B637 /* Assets.xcassets */ = {isa = PBXFileReference; lastKnownFileType = folder.assetcatalog; path = Assets.xcassets; sourceTree = "<group>"; };
		E7D0A70A1BD7D7C700B5B637 /* Base */ = {isa = PBXFileReference; lastKnownFileType = file.storyboard; name = Base; path = Base.lproj/LaunchScreen.storyboard; sourceTree = "<group>"; };
		E7D0A70C1BD7D7C700B5B637 /* Info.plist */ = {isa = PBXFileReference; lastKnownFileType = text.plist.xml; path = Info.plist; sourceTree = "<group>"; };
		E7D0A7111BD7D7C700B5B637 /* Lecture3Tests.xctest */ = {isa = PBXFileReference; explicitFileType = wrapper.cfbundle; includeInIndex = 0; path = Lecture3Tests.xctest; sourceTree = BUILT_PRODUCTS_DIR; };
		E7D0A7151BD7D7C700B5B637 /* Lecture3Tests.swift */ = {isa = PBXFileReference; lastKnownFileType = sourcecode.swift; path = Lecture3Tests.swift; sourceTree = "<group>"; };
		E7D0A7171BD7D7C700B5B637 /* Info.plist */ = {isa = PBXFileReference; lastKnownFileType = text.plist.xml; path = Info.plist; sourceTree = "<group>"; };
		E7D0A71C1BD7D7C700B5B637 /* Lecture3UITests.xctest */ = {isa = PBXFileReference; explicitFileType = wrapper.cfbundle; includeInIndex = 0; path = Lecture3UITests.xctest; sourceTree = BUILT_PRODUCTS_DIR; };
		E7D0A7201BD7D7C700B5B637 /* Lecture3UITests.swift */ = {isa = PBXFileReference; lastKnownFileType = sourcecode.swift; path = Lecture3UITests.swift; sourceTree = "<group>"; };
		E7D0A7221BD7D7C700B5B637 /* Info.plist */ = {isa = PBXFileReference; lastKnownFileType = text.plist.xml; path = Info.plist; sourceTree = "<group>"; };
/* End PBXFileReference section */

/* Begin PBXFrameworksBuildPhase section */
		E7D0A6FA1BD7D7C700B5B637 /* Frameworks */ = {
			isa = PBXFrameworksBuildPhase;
			buildActionMask = 2147483647;
			files = (
			);
			runOnlyForDeploymentPostprocessing = 0;
		};
		E7D0A70E1BD7D7C700B5B637 /* Frameworks */ = {
			isa = PBXFrameworksBuildPhase;
			buildActionMask = 2147483647;
			files = (
			);
			runOnlyForDeploymentPostprocessing = 0;
		};
		E7D0A7191BD7D7C700B5B637 /* Frameworks */ = {
			isa = PBXFrameworksBuildPhase;
			buildActionMask = 2147483647;
			files = (
			);
			runOnlyForDeploymentPostprocessing = 0;
		};
/* End PBXFrameworksBuildPhase section */

/* Begin PBXGroup section */
		E7D0A6F41BD7D7C700B5B637 = {
			isa = PBXGroup;
			children = (
				E7D0A6FF1BD7D7C700B5B637 /* Lecture3 */,
				E7D0A7141BD7D7C700B5B637 /* Lecture3Tests */,
				E7D0A71F1BD7D7C700B5B637 /* Lecture3UITests */,
				E7D0A6FE1BD7D7C700B5B637 /* Products */,
			);
			sourceTree = "<group>";
		};
		E7D0A6FE1BD7D7C700B5B637 /* Products */ = {
			isa = PBXGroup;
			children = (
				E7D0A6FD1BD7D7C700B5B637 /* Lecture3.app */,
				E7D0A7111BD7D7C700B5B637 /* Lecture3Tests.xctest */,
				E7D0A71C1BD7D7C700B5B637 /* Lecture3UITests.xctest */,
			);
			name = Products;
			sourceTree = "<group>";
		};
		E7D0A6FF1BD7D7C700B5B637 /* Lecture3 */ = {
			isa = PBXGroup;
			children = (
				E7D0A7001BD7D7C700B5B637 /* AppDelegate.swift */,
				E7D0A7021BD7D7C700B5B637 /* ViewController.swift */,
				E7D0A7041BD7D7C700B5B637 /* Main.storyboard */,
				E7D0A7071BD7D7C700B5B637 /* Assets.xcassets */,
				E7D0A7091BD7D7C700B5B637 /* LaunchScreen.storyboard */,
				E7D0A70C1BD7D7C700B5B637 /* Info.plist */,
			);
			path = Lecture3;
			sourceTree = "<group>";
		};
		E7D0A7141BD7D7C700B5B637 /* Lecture3Tests */ = {
			isa = PBXGroup;
			children = (
				E7D0A7151BD7D7C700B5B637 /* Lecture3Tests.swift */,
				E7D0A7171BD7D7C700B5B637 /* Info.plist */,
			);
			path = Lecture3Tests;
			sourceTree = "<group>";
		};
		E7D0A71F1BD7D7C700B5B637 /* Lecture3UITests */ = {
			isa = PBXGroup;
			children = (
				E7D0A7201BD7D7C700B5B637 /* Lecture3UITests.swift */,
				E7D0A7221BD7D7C700B5B637 /* Info.plist */,
			);
			path = Lecture3UITests;
			sourceTree = "<group>";
		};
/* End PBXGroup section */

/* Begin PBXNativeTarget section */
		E7D0A6FC1BD7D7C700B5B637 /* Lecture3 */ = {
			isa = PBXNativeTarget;
			buildConfigurationList = E7D0A7251BD7D7C700B5B637 /* Build configuration list for PBXNativeTarget "Lecture3" */;
			buildPhases = (
				E7D0A6F91BD7D7C700B5B637 /* Sources */,
				E7D0A6FA1BD7D7C700B5B637 /* Frameworks */,
				E7D0A6FB1BD7D7C700B5B637 /* Resources */,
			);
			buildRules = (
			);
			dependencies = (
			);
			name = Lecture3;
			productName = Lecture3;
			productReference = E7D0A6FD1BD7D7C700B5B637 /* Lecture3.app */;
			productType = "com.apple.product-type.application";
		};
		E7D0A7101BD7D7C700B5B637 /* Lecture3Tests */ = {
			isa = PBXNativeTarget;
			buildConfigurationList = E7D0A7281BD7D7C700B5B637 /* Build configuration list for PBXNativeTarget "Lecture3Tests" */;
			buildPhases = (
				E7D0A70D1BD7D7C700B5B637 /* Sources */,
				E7D0A70E1BD7D7C700B5B637 /* Frameworks */,
				E7D0A70F1BD7D7C700B5B637 /* Resources */,
			);
			buildRules = (
			);
			dependencies = (
				E7D0A7131BD7D7C700B5B637 /* PBXTargetDependency */,
			);
			name = Lecture3Tests;
			productName = Lecture3Tests;
			productReference = E7D0A7111BD7D7C700B5B637 /* Lecture3Tests.xctest */;
			productType = "com.apple.product-type.bundle.unit-test";
		};
		E7D0A71B1BD7D7C700B5B637 /* Lecture3UITests */ = {
			isa = PBXNativeTarget;
			buildConfigurationList = E7D0A72B1BD7D7C700B5B637 /* Build configuration list for PBXNativeTarget "Lecture3UITests" */;
			buildPhases = (
				E7D0A7181BD7D7C700B5B637 /* Sources */,
				E7D0A7191BD7D7C700B5B637 /* Frameworks */,
				E7D0A71A1BD7D7C700B5B637 /* Resources */,
			);
			buildRules = (
			);
			dependencies = (
				E7D0A71E1BD7D7C700B5B637 /* PBXTargetDependency */,
			);
			name = Lecture3UITests;
			productName = Lecture3UITests;
			productReference = E7D0A71C1BD7D7C700B5B637 /* Lecture3UITests.xctest */;
			productType = "com.apple.product-type.bundle.ui-testing";
		};
/* End PBXNativeTarget section */

/* Begin PBXProject section */
		E7D0A6F51BD7D7C700B5B637 /* Project object */ = {
			isa = PBXProject;
			attributes = {
				LastUpgradeCheck = 0700;
				ORGANIZATIONNAME = DormRoom;
				TargetAttributes = {
					E7D0A6FC1BD7D7C700B5B637 = {
						CreatedOnToolsVersion = 7.0;
						DevelopmentTeam = 8YKL2VACPX;
					};
					E7D0A7101BD7D7C700B5B637 = {
						CreatedOnToolsVersion = 7.0;
						TestTargetID = E7D0A6FC1BD7D7C700B5B637;
					};
					E7D0A71B1BD7D7C700B5B637 = {
						CreatedOnToolsVersion = 7.0;
						TestTargetID = E7D0A6FC1BD7D7C700B5B637;
					};
				};
			};
			buildConfigurationList = E7D0A6F81BD7D7C700B5B637 /* Build configuration list for PBXProject "Lecture3" */;
			compatibilityVersion = "Xcode 3.2";
			developmentRegion = English;
			hasScannedForEncodings = 0;
			knownRegions = (
				en,
				Base,
			);
			mainGroup = E7D0A6F41BD7D7C700B5B637;
			productRefGroup = E7D0A6FE1BD7D7C700B5B637 /* Products */;
			projectDirPath = "";
			projectRoot = "";
			targets = (
				E7D0A6FC1BD7D7C700B5B637 /* Lecture3 */,
				E7D0A7101BD7D7C700B5B637 /* Lecture3Tests */,
				E7D0A71B1BD7D7C700B5B637 /* Lecture3UITests */,
			);
		};
/* End PBXProject section */

/* Begin PBXResourcesBuildPhase section */
		E7D0A6FB1BD7D7C700B5B637 /* Resources */ = {
			isa = PBXResourcesBuildPhase;
			buildActionMask = 2147483647;
			files = (
				E7D0A70B1BD7D7C700B5B637 /* LaunchScreen.storyboard in Resources */,
				E7D0A7081BD7D7C700B5B637 /* Assets.xcassets in Resources */,
				E7D0A7061BD7D7C700B5B637 /* Main.storyboard in Resources */,
			);
			runOnlyForDeploymentPostprocessing = 0;
		};
		E7D0A70F1BD7D7C700B5B637 /* Resources */ = {
			isa = PBXResourcesBuildPhase;
			buildActionMask = 2147483647;
			files = (
			);
			runOnlyForDeploymentPostprocessing = 0;
		};
		E7D0A71A1BD7D7C700B5B637 /* Resources */ = {
			isa = PBXResourcesBuildPhase;
			buildActionMask = 2147483647;
			files = (
			);
			runOnlyForDeploymentPostprocessing = 0;
		};
/* End PBXResourcesBuildPhase section */

/* Begin PBXSourcesBuildPhase section */
		E7D0A6F91BD7D7C700B5B637 /* Sources */ = {
			isa = PBXSourcesBuildPhase;
			buildActionMask = 2147483647;
			files = (
				E7D0A7031BD7D7C700B5B637 /* ViewController.swift in Sources */,
				E7D0A7011BD7D7C700B5B637 /* AppDelegate.swift in Sources */,
			);
			runOnlyForDeploymentPostprocessing = 0;
		};
		E7D0A70D1BD7D7C700B5B637 /* Sources */ = {
			isa = PBXSourcesBuildPhase;
			buildActionMask = 2147483647;
			files = (
				E7D0A7161BD7D7C700B5B637 /* Lecture3Tests.swift in Sources */,
			);
			runOnlyForDeploymentPostprocessing = 0;
		};
		E7D0A7181BD7D7C700B5B637 /* Sources */ = {
			isa = PBXSourcesBuildPhase;
			buildActionMask = 2147483647;
			files = (
				E7D0A7211BD7D7C700B5B637 /* Lecture3UITests.swift in Sources */,
			);
			runOnlyForDeploymentPostprocessing = 0;
		};
/* End PBXSourcesBuildPhase section */

/* Begin PBXTargetDependency section */
		E7D0A7131BD7D7C700B5B637 /* PBXTargetDependency */ = {
			isa = PBXTargetDependency;
			target = E7D0A6FC1BD7D7C700B5B637 /* Lecture3 */;
			targetProxy = E7D0A7121BD7D7C700B5B637 /* PBXContainerItemProxy */;
		};
		E7D0A71E1BD7D7C700B5B637 /* PBXTargetDependency */ = {
			isa = PBXTargetDependency;
			target = E7D0A6FC1BD7D7C700B5B637 /* Lecture3 */;
			targetProxy = E7D0A71D1BD7D7C700B5B637 /* PBXContainerItemProxy */;
		};
/* End PBXTargetDependency section */

/* Begin PBXVariantGroup section */
		E7D0A7041BD7D7C700B5B637 /* Main.storyboard */ = {
			isa = PBXVariantGroup;
			children = (
				E7D0A7051BD7D7C700B5B637 /* Base */,
			);
			name = Main.storyboard;
			sourceTree = "<group>";
		};
		E7D0A7091BD7D7C700B5B637 /* LaunchScreen.storyboard */ = {
			isa = PBXVariantGroup;
			children = (
				E7D0A70A1BD7D7C700B5B637 /* Base */,
			);
			name = LaunchScreen.storyboard;
			sourceTree = "<group>";
		};
/* End PBXVariantGroup section */

/* Begin XCBuildConfiguration section */
		E7D0A7231BD7D7C700B5B637 /* Debug */ = {
			isa = XCBuildConfiguration;
			buildSettings = {
				ALWAYS_SEARCH_USER_PATHS = NO;
				CLANG_CXX_LANGUAGE_STANDARD = "gnu++0x";
				CLANG_CXX_LIBRARY = "libc++";
				CLANG_ENABLE_MODULES = YES;
				CLANG_ENABLE_OBJC_ARC = YES;
				CLANG_WARN_BOOL_CONVERSION = YES;
				CLANG_WARN_CONSTANT_CONVERSION = YES;
				CLANG_WARN_DIRECT_OBJC_ISA_USAGE = YES_ERROR;
				CLANG_WARN_EMPTY_BODY = YES;
				CLANG_WARN_ENUM_CONVERSION = YES;
				CLANG_WARN_INT_CONVERSION = YES;
				CLANG_WARN_OBJC_ROOT_CLASS = YES_ERROR;
				CLANG_WARN_UNREACHABLE_CODE = YES;
				CLANG_WARN__DUPLICATE_METHOD_MATCH = YES;
				"CODE_SIGN_IDENTITY[sdk=iphoneos*]" = "iPhone Developer";
				COPY_PHASE_STRIP = NO;
				DEBUG_INFORMATION_FORMAT = dwarf;
				ENABLE_STRICT_OBJC_MSGSEND = YES;
				ENABLE_TESTABILITY = YES;
				GCC_C_LANGUAGE_STANDARD = gnu99;
				GCC_DYNAMIC_NO_PIC = NO;
				GCC_NO_COMMON_BLOCKS = YES;
				GCC_OPTIMIZATION_LEVEL = 0;
				GCC_PREPROCESSOR_DEFINITIONS = (
					"DEBUG=1",
					"$(inherited)",
				);
				GCC_WARN_64_TO_32_BIT_CONVERSION = YES;
				GCC_WARN_ABOUT_RETURN_TYPE = YES_ERROR;
				GCC_WARN_UNDECLARED_SELECTOR = YES;
				GCC_WARN_UNINITIALIZED_AUTOS = YES_AGGRESSIVE;
				GCC_WARN_UNUSED_FUNCTION = YES;
				GCC_WARN_UNUSED_VARIABLE = YES;
				IPHONEOS_DEPLOYMENT_TARGET = 9.0;
				MTL_ENABLE_DEBUG_INFO = YES;
				ONLY_ACTIVE_ARCH = YES;
				SDKROOT = iphoneos;
				SWIFT_OPTIMIZATION_LEVEL = "-Onone";
				TARGETED_DEVICE_FAMILY = "1,2";
			};
			name = Debug;
		};
		E7D0A7241BD7D7C700B5B637 /* Release */ = {
			isa = XCBuildConfiguration;
			buildSettings = {
				ALWAYS_SEARCH_USER_PATHS = NO;
				CLANG_CXX_LANGUAGE_STANDARD = "gnu++0x";
				CLANG_CXX_LIBRARY = "libc++";
				CLANG_ENABLE_MODULES = YES;
				CLANG_ENABLE_OBJC_ARC = YES;
				CLANG_WARN_BOOL_CONVERSION = YES;
				CLANG_WARN_CONSTANT_CONVERSION = YES;
				CLANG_WARN_DIRECT_OBJC_ISA_USAGE = YES_ERROR;
				CLANG_WARN_EMPTY_BODY = YES;
				CLANG_WARN_ENUM_CONVERSION = YES;
				CLANG_WARN_INT_CONVERSION = YES;
				CLANG_WARN_OBJC_ROOT_CLASS = YES_ERROR;
				CLANG_WARN_UNREACHABLE_CODE = YES;
				CLANG_WARN__DUPLICATE_METHOD_MATCH = YES;
				"CODE_SIGN_IDENTITY[sdk=iphoneos*]" = "iPhone Developer";
				COPY_PHASE_STRIP = NO;
				DEBUG_INFORMATION_FORMAT = "dwarf-with-dsym";
				ENABLE_NS_ASSERTIONS = NO;
				ENABLE_STRICT_OBJC_MSGSEND = YES;
				GCC_C_LANGUAGE_STANDARD = gnu99;
				GCC_NO_COMMON_BLOCKS = YES;
				GCC_WARN_64_TO_32_BIT_CONVERSION = YES;
				GCC_WARN_ABOUT_RETURN_TYPE = YES_ERROR;
				GCC_WARN_UNDECLARED_SELECTOR = YES;
				GCC_WARN_UNINITIALIZED_AUTOS = YES_AGGRESSIVE;
				GCC_WARN_UNUSED_FUNCTION = YES;
				GCC_WARN_UNUSED_VARIABLE = YES;
				IPHONEOS_DEPLOYMENT_TARGET = 9.0;
				MTL_ENABLE_DEBUG_INFO = NO;
				SDKROOT = iphoneos;
				TARGETED_DEVICE_FAMILY = "1,2";
				VALIDATE_PRODUCT = YES;
			};
			name = Release;
		};
		E7D0A7261BD7D7C700B5B637 /* Debug */ = {
			isa = XCBuildConfiguration;
			buildSettings = {
				ASSETCATALOG_COMPILER_APPICON_NAME = AppIcon;
				CODE_SIGN_IDENTITY = "iPhone Developer";
				INFOPLIST_FILE = Lecture3/Info.plist;
				LD_RUNPATH_SEARCH_PATHS = "$(inherited) @executable_path/Frameworks";
				PRODUCT_BUNDLE_IDENTIFIER = com.DormRoom.Lecture3;
				PRODUCT_NAME = "$(TARGET_NAME)";
			};
			name = Debug;
		};
		E7D0A7271BD7D7C700B5B637 /* Release */ = {
			isa = XCBuildConfiguration;
			buildSettings = {
				ASSETCATALOG_COMPILER_APPICON_NAME = AppIcon;
				CODE_SIGN_IDENTITY = "iPhone Developer";
				INFOPLIST_FILE = Lecture3/Info.plist;
				LD_RUNPATH_SEARCH_PATHS = "$(inherited) @executable_path/Frameworks";
				PRODUCT_BUNDLE_IDENTIFIER = com.DormRoom.Lecture3;
				PRODUCT_NAME = "$(TARGET_NAME)";
			};
			name = Release;
		};
		E7D0A7291BD7D7C700B5B637 /* Debug */ = {
			isa = XCBuildConfiguration;
			buildSettings = {
				BUNDLE_LOADER = "$(TEST_HOST)";
				INFOPLIST_FILE = Lecture3Tests/Info.plist;
				LD_RUNPATH_SEARCH_PATHS = "$(inherited) @executable_path/Frameworks @loader_path/Frameworks";
				PRODUCT_BUNDLE_IDENTIFIER = com.DormRoom.Lecture3Tests;
				PRODUCT_NAME = "$(TARGET_NAME)";
				TEST_HOST = "$(BUILT_PRODUCTS_DIR)/Lecture3.app/Lecture3";
			};
			name = Debug;
		};
		E7D0A72A1BD7D7C700B5B637 /* Release */ = {
			isa = XCBuildConfiguration;
			buildSettings = {
				BUNDLE_LOADER = "$(TEST_HOST)";
				INFOPLIST_FILE = Lecture3Tests/Info.plist;
				LD_RUNPATH_SEARCH_PATHS = "$(inherited) @executable_path/Frameworks @loader_path/Frameworks";
				PRODUCT_BUNDLE_IDENTIFIER = com.DormRoom.Lecture3Tests;
				PRODUCT_NAME = "$(TARGET_NAME)";
				TEST_HOST = "$(BUILT_PRODUCTS_DIR)/Lecture3.app/Lecture3";
			};
			name = Release;
		};
		E7D0A72C1BD7D7C700B5B637 /* Debug */ = {
			isa = XCBuildConfiguration;
			buildSettings = {
				INFOPLIST_FILE = Lecture3UITests/Info.plist;
				LD_RUNPATH_SEARCH_PATHS = "$(inherited) @executable_path/Frameworks @loader_path/Frameworks";
				PRODUCT_BUNDLE_IDENTIFIER = com.DormRoom.Lecture3UITests;
				PRODUCT_NAME = "$(TARGET_NAME)";
				TEST_TARGET_NAME = Lecture3;
				USES_XCTRUNNER = YES;
			};
			name = Debug;
		};
		E7D0A72D1BD7D7C700B5B637 /* Release */ = {
			isa = XCBuildConfiguration;
			buildSettings = {
				INFOPLIST_FILE = Lecture3UITests/Info.plist;
				LD_RUNPATH_SEARCH_PATHS = "$(inherited) @executable_path/Frameworks @loader_path/Frameworks";
				PRODUCT_BUNDLE_IDENTIFIER = com.DormRoom.Lecture3UITests;
				PRODUCT_NAME = "$(TARGET_NAME)";
				TEST_TARGET_NAME = Lecture3;
				USES_XCTRUNNER = YES;
			};
			name = Release;
		};
/* End XCBuildConfiguration section */

/* Begin XCConfigurationList section */
		E7D0A6F81BD7D7C700B5B637 /* Build configuration list for PBXProject "Lecture3" */ = {
			isa = XCConfigurationList;
			buildConfigurations = (
				E7D0A7231BD7D7C700B5B637 /* Debug */,
				E7D0A7241BD7D7C700B5B637 /* Release */,
			);
			defaultConfigurationIsVisible = 0;
			defaultConfigurationName = Release;
		};
		E7D0A7251BD7D7C700B5B637 /* Build configuration list for PBXNativeTarget "Lecture3" */ = {
			isa = XCConfigurationList;
			buildConfigurations = (
				E7D0A7261BD7D7C700B5B637 /* Debug */,
				E7D0A7271BD7D7C700B5B637 /* Release */,
			);
			defaultConfigurationIsVisible = 0;
		};
		E7D0A7281BD7D7C700B5B637 /* Build configuration list for PBXNativeTarget "Lecture3Tests" */ = {
			isa = XCConfigurationList;
			buildConfigurations = (
				E7D0A7291BD7D7C700B5B637 /* Debug */,
				E7D0A72A1BD7D7C700B5B637 /* Release */,
			);
			defaultConfigurationIsVisible = 0;
		};
		E7D0A72B1BD7D7C700B5B637 /* Build configuration list for PBXNativeTarget "Lecture3UITests" */ = {
			isa = XCConfigurationList;
			buildConfigurations = (
				E7D0A72C1BD7D7C700B5B637 /* Debug */,
				E7D0A72D1BD7D7C700B5B637 /* Release */,
			);
			defaultConfigurationIsVisible = 0;
		};
/* End XCConfigurationList section */
	};
	rootObject = E7D0A6F51BD7D7C700B5B637 /* Project object */;
}
